
Microsoft Visual Studio Solution File, Format Version 12.00
# Visual Studio Version 16
VisualStudioVersion = 16.0.28803.202
MinimumVisualStudioVersion = 10.0.40219.1
Project("{FAE04EC0-301F-11D3-BF4B-00C04F79EFBC}") = "IOCLite", "IOCLite.csproj", "{C98817B5-5766-4317-8734-6F81486E437C}"
EndProject
Project("{FAE04EC0-301F-11D3-BF4B-00C04F79EFBC}") = "IOCLite.Tests", "..\IOCLite.Tests\IOCLite.Tests.csproj", "{CD977819-76A0-4321-BE21-49A8245A0506}"
EndProject
Global
	GlobalSection(SolutionConfigurationPlatforms) = preSolution
		Debug|Any CPU = Debug|Any CPU
		Release|Any CPU = Release|Any CPU
	EndGlobalSection
	GlobalSection(ProjectConfigurationPlatforms) = postSolution
		{C98817B5-5766-4317-8734-6F81486E437C}.Debug|Any CPU.ActiveCfg = Debug|Any CPU
		{C98817B5-5766-4317-8734-6F81486E437C}.Debug|Any CPU.Build.0 = Debug|Any CPU
		{C98817B5-5766-4317-8734-6F81486E437C}.Release|Any CPU.ActiveCfg = Release|Any CPU
		{C98817B5-5766-4317-8734-6F81486E437C}.Release|Any CPU.Build.0 = Release|Any CPU
		{CD977819-76A0-4321-BE21-49A8245A0506}.Debug|Any CPU.ActiveCfg = Debug|Any CPU
		{CD977819-76A0-4321-BE21-49A8245A0506}.Debug|Any CPU.Build.0 = Debug|Any CPU
		{CD977819-76A0-4321-BE21-49A8245A0506}.Release|Any CPU.ActiveCfg = Release|Any CPU
		{CD977819-76A0-4321-BE21-49A8245A0506}.Release|Any CPU.Build.0 = Release|Any CPU
	EndGlobalSection
	GlobalSection(SolutionProperties) = preSolution
		HideSolutionNode = FALSE
	EndGlobalSection
	GlobalSection(ExtensibilityGlobals) = postSolution
		SolutionGuid = {36A7198A-C303-4208-A754-BC3E0E37588E}
	EndGlobalSection
EndGlobal
